# This file was autogenerated by Stack.
# You should not edit this file by hand.
# For more information, please see the documentation at:
#   https://docs.haskellstack.org/en/stable/topics/lock_files

packages:
- completed:
    commit: 1919f75c2cacd9f994ad50e925d8932d2639b690
    git: https://github.com/jensblanck/cdar.git
    name: cdar
    pantry-tree:
      sha256: a27978f7d0fa8f2199cab2271c36fd77c98da98f36bc09d1c4c9e5116f38fbce
      size: 1675
    version: 0.1.0.0
  original:
    commit: 1919f75c2cacd9f994ad50e925d8932d2639b690
    git: https://github.com/jensblanck/cdar.git
- completed:
    commit: a7c83281362c5dc857e97d98b424ec314a216b56
    git: https://github.com/sydow/ireal.git
    name: ireal
    pantry-tree:
      sha256: 22f04fc3b1df70724e51207849e992cf2b532746461d36f33df9578db53d5dc5
      size: 2487
    version: 0.2.3
  original:
    commit: a7c83281362c5dc857e97d98b424ec314a216b56
    git: https://github.com/sydow/ireal.git
snapshots:
- completed:
    sha256: 5524530ac8c0fd4c9d7488442ff14edb0fcbf4989b928b86398f94f367e01ee3
    size: 726110
    url: https://raw.githubusercontent.com/commercialhaskell/stackage-snapshots/master/lts/24/19.yaml
  original:
    url: https://raw.githubusercontent.com/commercialhaskell/stackage-snapshots/master/lts/24/19.yaml
